[{<<"cowboy">>,
  {git,"git://github.com/extend/cowboy.git",
       {ref,"d08c2ab39d38c181abda279d5c2cadfac33a50c1"}},
  1},
 {<<"cowlib">>,
  {git,"https://github.com/ninenines/cowlib.git",
       {ref,"d544a494af4dbc810fc9c15eaf5cc050cced1501"}},
  2},
 {<<"mochiweb">>,
  {git,"git://github.com/mochi/mochiweb.git",
       {ref,"5ed5ee18699e63843e2a0a548edee7694d9d6785"}},
  1},
 {<<"ranch">>,
  {git,"https://github.com/ninenines/ranch.git",
       {ref,"adf1822defc2b7cfdc7aca112adabfa1d614043c"}},
  2}].
